
Microsoft Visual Studio Solution File, Format Version 12.00
# Visual Studio 15
VisualStudioVersion = 15.0.27703.2026
MinimumVisualStudioVersion = 10.0.40219.1
Project("{FAE04EC0-301F-11D3-BF4B-00C04F79EFBC}") = "RawFileType", "RawFileType.csproj", "{AA42CA80-63DE-4D61-A58D-F59CE2DA641F}"
EndProject
Project("{2150E333-8FDC-42A3-9474-1A3956D46DE8}") = "Solution Items", "Solution Items", "{42BA86FF-6517-41DF-AAA5-A42EEAFC8EF7}"
	ProjectSection(SolutionItems) = preProject
		.editorconfig = .editorconfig
	EndProjectSection
EndProject
Global
	GlobalSection(SolutionConfigurationPlatforms) = preSolution
		Debug|Any CPU = Debug|Any CPU
		Release|Any CPU = Release|Any CPU
	EndGlobalSection
	GlobalSection(ProjectConfigurationPlatforms) = postSolution
		{AA42CA80-63DE-4D61-A58D-F59CE2DA641F}.Debug|Any CPU.ActiveCfg = Debug|Any CPU
		{AA42CA80-63DE-4D61-A58D-F59CE2DA641F}.Debug|Any CPU.Build.0 = Debug|Any CPU
		{AA42CA80-63DE-4D61-A58D-F59CE2DA641F}.Release|Any CPU.ActiveCfg = Release|Any CPU
		{AA42CA80-63DE-4D61-A58D-F59CE2DA641F}.Release|Any CPU.Build.0 = Release|Any CPU
	EndGlobalSection
	GlobalSection(SolutionProperties) = preSolution
		HideSolutionNode = FALSE
	EndGlobalSection
	GlobalSection(ExtensibilityGlobals) = postSolution
		SolutionGuid = {DB03589C-AF66-4977-A840-78318608E709}
	EndGlobalSection
EndGlobal
